
Microsoft Visual Studio Solution File, Format Version 12.00
Project("{FAE04EC0-301F-11D3-BF4B-00C04F79EFBC}") = "Caching", "Caching\Caching.csproj", "{E88611D2-4A91-446E-9601-6703FC96883A}"
EndProject
Project("{FAE04EC0-301F-11D3-BF4B-00C04F79EFBC}") = "Caching.Memoizer", "Caching.Memoizer\Caching.Memoizer.csproj", "{AEE41904-0CD9-4C81-B5F5-CD559B1CE1A8}"
EndProject
Project("{FAE04EC0-301F-11D3-BF4B-00C04F79EFBC}") = "Caching.Memoizer.Tests", "Caching.Memoizer.Tests\Caching.Memoizer.Tests.csproj", "{6125A4A5-CDC4-4881-97F1-F9CE16572739}"
EndProject
Global
	GlobalSection(SolutionConfigurationPlatforms) = preSolution
		Debug|Any CPU = Debug|Any CPU
		Release|Any CPU = Release|Any CPU
	EndGlobalSection
	GlobalSection(ProjectConfigurationPlatforms) = postSolution
		{E88611D2-4A91-446E-9601-6703FC96883A}.Debug|Any CPU.ActiveCfg = Debug|Any CPU
		{E88611D2-4A91-446E-9601-6703FC96883A}.Debug|Any CPU.Build.0 = Debug|Any CPU
		{E88611D2-4A91-446E-9601-6703FC96883A}.Release|Any CPU.ActiveCfg = Release|Any CPU
		{E88611D2-4A91-446E-9601-6703FC96883A}.Release|Any CPU.Build.0 = Release|Any CPU
		{AEE41904-0CD9-4C81-B5F5-CD559B1CE1A8}.Debug|Any CPU.ActiveCfg = Debug|Any CPU
		{AEE41904-0CD9-4C81-B5F5-CD559B1CE1A8}.Debug|Any CPU.Build.0 = Debug|Any CPU
		{AEE41904-0CD9-4C81-B5F5-CD559B1CE1A8}.Release|Any CPU.ActiveCfg = Release|Any CPU
		{AEE41904-0CD9-4C81-B5F5-CD559B1CE1A8}.Release|Any CPU.Build.0 = Release|Any CPU
		{6125A4A5-CDC4-4881-97F1-F9CE16572739}.Debug|Any CPU.ActiveCfg = Debug|Any CPU
		{6125A4A5-CDC4-4881-97F1-F9CE16572739}.Debug|Any CPU.Build.0 = Debug|Any CPU
		{6125A4A5-CDC4-4881-97F1-F9CE16572739}.Release|Any CPU.ActiveCfg = Release|Any CPU
		{6125A4A5-CDC4-4881-97F1-F9CE16572739}.Release|Any CPU.Build.0 = Release|Any CPU
	EndGlobalSection
EndGlobal
